<?xml version="1.0" encoding="utf-8"?>
<Project ToolsVersion="4.0" xmlns="http://schemas.microsoft.com/developer/msbuild/2003">
  <ItemGroup>
    <Filter Include="Source Files">
      <UniqueIdentifier>{4FC737F1-C7A5-4376-A066-2A32D752A2FF}</UniqueIdentifier>
      <Extensions>cpp;c;cc;cxx;def;odl;idl;hpj;bat;asm;asmx</Extensions>
    </Filter>
    <Filter Include="Header Files">
      <UniqueIdentifier>{93995380-89BD-4b04-88EB-625FBE52EBFB}</UniqueIdentifier>
      <Extensions>h;hh;hpp;hxx;hm;inl;inc;xsd</Extensions>
    </Filter>
    <Filter Include="Resource Files">
      <UniqueIdentifier>{67DA6AB6-F800-4c08-8B7A-83BB121AAD01}</UniqueIdentifier>
      <Extensions>rc;ico;cur;bmp;dlg;rc2;rct;bin;rgs;gif;jpg;jpeg;jpe;resx;tiff;tif;png;wav;mfcribbon-ms</Extensions>
    </Filter>
  </ItemGroup>
  <ItemGroup>
    <ClCompile Include="main.cpp">
      <Filter>Source Files</Filter>
    </ClCompile>
    <ClCompile Include="command_args.cpp">
      <Filter>Source Files</Filter>
    </ClCompile>
    <ClCompile Include="app.cpp">
      <Filter>Source Files</Filter>
    </ClCompile>
    <ClCompile Include="console.cpp">
      <Filter>Source Files</Filter>
    </ClCompile>
    <ClCompile Include="util\random.cpp">
      <Filter>Source Files</Filter>
    </ClCompile>
    <ClCompile Include="util\timer.cpp">
      <Filter>Source Files</Filter>
    </ClCompile>
    <ClCompile Include="generators\maze_generate_recursive.cpp">
      <Filter>Source Files</Filter>
    </ClCompile>
    <ClCompile Include="traversal\maze_traverse_wall_follow.cpp">
      <Filter>Source Files</Filter>
    </ClCompile>
    <ClCompile Include="traversal\maze_traverse_astar.cpp">
      <Filter>Source Files</Filter>
    </ClCompile>
    <ClCompile Include="io\maze_export_svg.cpp">
      <Filter>Source Files</Filter>
    </ClCompile>
    <ClCompile Include="io\maze_export_binary.cpp">
      <Filter>Source Files</Filter>
    </ClCompile>
    <ClCompile Include="io\maze_import_binary.cpp">
      <Filter>Source Files</Filter>
    </ClCompile>
    <ClCompile Include="generators\maze_generate_prims_classic.cpp">
      <Filter>Source Files</Filter>
    </ClCompile>
    <ClCompile Include="traversal\maze_traversal_tremaux.cpp">
      <Filter>Source Files</Filter>
    </ClCompile>
    <ClCompile Include="generators\maze_generate_prims_modified.cpp">
      <Filter>Source Files</Filter>
    </ClCompile>
    <ClCompile Include="generators\maze_generate_prims.cpp">
      <Filter>Source Files</Filter>
    </ClCompile>
    <ClCompile Include="maze\maze.cpp">
      <Filter>Source Files</Filter>
    </ClCompile>
    <ClCompile Include="maze\maze_builder.cpp">
      <Filter>Source Files</Filter>
    </ClCompile>
    <ClCompile Include="maze\maze_path.cpp">
      <Filter>Source Files</Filter>
    </ClCompile>
  </ItemGroup>
  <ItemGroup>
    <ClInclude Include="exception.h">
      <Filter>Header Files</Filter>
    </ClInclude>
    <ClInclude Include="command_args.h">
      <Filter>Header Files</Filter>
    </ClInclude>
    <ClInclude Include="app.h">
      <Filter>Header Files</Filter>
    </ClInclude>
    <ClInclude Include="console.h">
      <Filter>Header Files</Filter>
    </ClInclude>
    <ClInclude Include="util\random.h">
      <Filter>Header Files</Filter>
    </ClInclude>
    <ClInclude Include="util\timer.h">
      <Filter>Header Files</Filter>
    </ClInclude>
    <ClInclude Include="generators\maze_generate_prims_classic.h">
      <Filter>Header Files</Filter>
    </ClInclude>
    <ClInclude Include="generators\maze_generate_prims_modified.h">
      <Filter>Header Files</Filter>
    </ClInclude>
    <ClInclude Include="generators\maze_generate_recursive.h">
      <Filter>Header Files</Filter>
    </ClInclude>
    <ClInclude Include="traversal\maze_traverse_wall_follow.h">
      <Filter>Header Files</Filter>
    </ClInclude>
    <ClInclude Include="traversal\maze_traverse_astar.h">
      <Filter>Header Files</Filter>
    </ClInclude>
    <ClInclude Include="traversal\heuristic_euclidean.h">
      <Filter>Header Files</Filter>
    </ClInclude>
    <ClInclude Include="traversal\heuristic.h">
      <Filter>Header Files</Filter>
    </ClInclude>
    <ClInclude Include="traversal\heuristic_manhattan.h">
      <Filter>Header Files</Filter>
    </ClInclude>
    <ClInclude Include="io\maze_export_svg.h">
      <Filter>Header Files</Filter>
    </ClInclude>
    <ClInclude Include="io\maze_export_binary.h">
      <Filter>Header Files</Filter>
    </ClInclude>
    <ClInclude Include="io\maze_import_binary.h">
      <Filter>Header Files</Filter>
    </ClInclude>
    <ClInclude Include="traversal\maze_traversal_tremaux.h">
      <Filter>Header Files</Filter>
    </ClInclude>
    <ClInclude Include="options.h">
      <Filter>Header Files</Filter>
    </ClInclude>
    <ClInclude Include="options_generate.h">
      <Filter>Header Files</Filter>
    </ClInclude>
    <ClInclude Include="options_io.h">
      <Filter>Header Files</Filter>
    </ClInclude>
    <ClInclude Include="options_traverse.h">
      <Filter>Header Files</Filter>
    </ClInclude>
    <ClInclude Include="generators\maze_generate_prims.h">
      <Filter>Header Files</Filter>
    </ClInclude>
    <ClInclude Include="generators\graph.h">
      <Filter>Header Files</Filter>
    </ClInclude>
    <ClInclude Include="maze\maze.h">
      <Filter>Header Files</Filter>
    </ClInclude>
    <ClInclude Include="maze\maze_builder.h">
      <Filter>Header Files</Filter>
    </ClInclude>
    <ClInclude Include="maze\maze_path.h">
      <Filter>Header Files</Filter>
    </ClInclude>
    <ClInclude Include="maze\maze_types.h">
      <Filter>Header Files</Filter>
    </ClInclude>
  </ItemGroup>
  <ItemGroup>
    <Text Include="readme_assignment1.txt" />
    <Text Include="readme.txt" />
  </ItemGroup>
</Project>